
Microsoft Visual Studio Solution File, Format Version 12.00
# Visual Studio Version 17
VisualStudioVersion = 17.2.32630.192
MinimumVisualStudioVersion = 10.0.40219.1
Project("{9A19103F-16F7-4668-BE54-9A1E7A4F7556}") = "CustomerAccount.WebAPI", "CustomerAccount.WebAPI\CustomerAccount.WebAPI.csproj", "{CEC4FFD0-BF0F-4F9C-8C31-F48E976CBA5D}"
EndProject
Project("{2150E333-8FDC-42A3-9474-1A3956D46DE8}") = "CustomerAccount", "CustomerAccount", "{9AD5D93B-45FD-4023-AAF9-9246BBE6FFB6}"
EndProject
Project("{9A19103F-16F7-4668-BE54-9A1E7A4F7556}") = "CustomerAccount.BL", "CustomerAccount.BL\CustomerAccount.BL.csproj", "{F2469DCD-B1EA-48FF-AF52-96AC3B466412}"
EndProject
Project("{9A19103F-16F7-4668-BE54-9A1E7A4F7556}") = "CustomerAccount.DAL", "CustomerAccount.DAL\CustomerAccount.DAL.csproj", "{AF43F9CB-B917-4B61-B3F1-6B8B6FD0BF1B}"
EndProject
Project("{9A19103F-16F7-4668-BE54-9A1E7A4F7556}") = "CustomerAccount.DTO", "CustomerAccount.DTO\CustomerAccount.DTO.csproj", "{E23037CD-83E5-4534-85EE-9C3C144B21FF}"
EndProject
Project("{9A19103F-16F7-4668-BE54-9A1E7A4F7556}") = "ExtendedExceptions", "ExtendedExceptions\ExtendedExceptions.csproj", "{BFA8F1F6-4389-4693-BEC5-A52275DCBAE4}"
EndProject
Project("{2150E333-8FDC-42A3-9474-1A3956D46DE8}") = "Transaction", "Transaction", "{F7F713EF-A8F7-47D7-BA45-0516A035D117}"
EndProject
Project("{FAE04EC0-301F-11D3-BF4B-00C04F79EFBC}") = "Transaction.WebAPI", "Transaction.WebAPI\Transaction.WebAPI.csproj", "{2C851B61-1EC9-4FDD-93BA-050EFD8DCB42}"
EndProject
Project("{FAE04EC0-301F-11D3-BF4B-00C04F79EFBC}") = "Transaction.BL", "Transaction.BL\Transaction.BL.csproj", "{33613AB5-BF92-48CB-A6C5-9A84E1BFCCCE}"
EndProject
Project("{FAE04EC0-301F-11D3-BF4B-00C04F79EFBC}") = "Transaction.DAL", "Transaction.DAL\Transaction.DAL.csproj", "{1F871BC1-C317-474A-B326-CF31472A7BDC}"
EndProject
Project("{FAE04EC0-301F-11D3-BF4B-00C04F79EFBC}") = "Transaction.DTO", "Transaction.DTO\Transaction.DTO.csproj", "{9D38B054-D217-4751-AC52-F058C504B738}"
EndProject
Project("{FAE04EC0-301F-11D3-BF4B-00C04F79EFBC}") = "Transaction.NSB", "Transaction.NSB\Transaction.NSB.csproj", "{191C446A-30A3-4832-8045-C065BA334011}"
EndProject
Project("{FAE04EC0-301F-11D3-BF4B-00C04F79EFBC}") = "CustomerAccount.NSB", "CustomerAccount.NSB\CustomerAccount.NSB.csproj", "{E0007923-569B-42B6-A1E8-52372336C750}"
EndProject
Global
	GlobalSection(SolutionConfigurationPlatforms) = preSolution
		Debug|Any CPU = Debug|Any CPU
		Release|Any CPU = Release|Any CPU
	EndGlobalSection
	GlobalSection(ProjectConfigurationPlatforms) = postSolution
		{CEC4FFD0-BF0F-4F9C-8C31-F48E976CBA5D}.Debug|Any CPU.ActiveCfg = Debug|Any CPU
		{CEC4FFD0-BF0F-4F9C-8C31-F48E976CBA5D}.Debug|Any CPU.Build.0 = Debug|Any CPU
		{CEC4FFD0-BF0F-4F9C-8C31-F48E976CBA5D}.Release|Any CPU.ActiveCfg = Release|Any CPU
		{CEC4FFD0-BF0F-4F9C-8C31-F48E976CBA5D}.Release|Any CPU.Build.0 = Release|Any CPU
		{F2469DCD-B1EA-48FF-AF52-96AC3B466412}.Debug|Any CPU.ActiveCfg = Debug|Any CPU
		{F2469DCD-B1EA-48FF-AF52-96AC3B466412}.Debug|Any CPU.Build.0 = Debug|Any CPU
		{F2469DCD-B1EA-48FF-AF52-96AC3B466412}.Release|Any CPU.ActiveCfg = Release|Any CPU
		{F2469DCD-B1EA-48FF-AF52-96AC3B466412}.Release|Any CPU.Build.0 = Release|Any CPU
		{AF43F9CB-B917-4B61-B3F1-6B8B6FD0BF1B}.Debug|Any CPU.ActiveCfg = Debug|Any CPU
		{AF43F9CB-B917-4B61-B3F1-6B8B6FD0BF1B}.Debug|Any CPU.Build.0 = Debug|Any CPU
		{AF43F9CB-B917-4B61-B3F1-6B8B6FD0BF1B}.Release|Any CPU.ActiveCfg = Release|Any CPU
		{AF43F9CB-B917-4B61-B3F1-6B8B6FD0BF1B}.Release|Any CPU.Build.0 = Release|Any CPU
		{E23037CD-83E5-4534-85EE-9C3C144B21FF}.Debug|Any CPU.ActiveCfg = Debug|Any CPU
		{E23037CD-83E5-4534-85EE-9C3C144B21FF}.Debug|Any CPU.Build.0 = Debug|Any CPU
		{E23037CD-83E5-4534-85EE-9C3C144B21FF}.Release|Any CPU.ActiveCfg = Release|Any CPU
		{E23037CD-83E5-4534-85EE-9C3C144B21FF}.Release|Any CPU.Build.0 = Release|Any CPU
		{BFA8F1F6-4389-4693-BEC5-A52275DCBAE4}.Debug|Any CPU.ActiveCfg = Debug|Any CPU
		{BFA8F1F6-4389-4693-BEC5-A52275DCBAE4}.Debug|Any CPU.Build.0 = Debug|Any CPU
		{BFA8F1F6-4389-4693-BEC5-A52275DCBAE4}.Release|Any CPU.ActiveCfg = Release|Any CPU
		{BFA8F1F6-4389-4693-BEC5-A52275DCBAE4}.Release|Any CPU.Build.0 = Release|Any CPU
		{2C851B61-1EC9-4FDD-93BA-050EFD8DCB42}.Debug|Any CPU.ActiveCfg = Debug|Any CPU
		{2C851B61-1EC9-4FDD-93BA-050EFD8DCB42}.Debug|Any CPU.Build.0 = Debug|Any CPU
		{2C851B61-1EC9-4FDD-93BA-050EFD8DCB42}.Release|Any CPU.ActiveCfg = Release|Any CPU
		{2C851B61-1EC9-4FDD-93BA-050EFD8DCB42}.Release|Any CPU.Build.0 = Release|Any CPU
		{33613AB5-BF92-48CB-A6C5-9A84E1BFCCCE}.Debug|Any CPU.ActiveCfg = Debug|Any CPU
		{33613AB5-BF92-48CB-A6C5-9A84E1BFCCCE}.Debug|Any CPU.Build.0 = Debug|Any CPU
		{33613AB5-BF92-48CB-A6C5-9A84E1BFCCCE}.Release|Any CPU.ActiveCfg = Release|Any CPU
		{33613AB5-BF92-48CB-A6C5-9A84E1BFCCCE}.Release|Any CPU.Build.0 = Release|Any CPU
		{1F871BC1-C317-474A-B326-CF31472A7BDC}.Debug|Any CPU.ActiveCfg = Debug|Any CPU
		{1F871BC1-C317-474A-B326-CF31472A7BDC}.Debug|Any CPU.Build.0 = Debug|Any CPU
		{1F871BC1-C317-474A-B326-CF31472A7BDC}.Release|Any CPU.ActiveCfg = Release|Any CPU
		{1F871BC1-C317-474A-B326-CF31472A7BDC}.Release|Any CPU.Build.0 = Release|Any CPU
		{9D38B054-D217-4751-AC52-F058C504B738}.Debug|Any CPU.ActiveCfg = Debug|Any CPU
		{9D38B054-D217-4751-AC52-F058C504B738}.Debug|Any CPU.Build.0 = Debug|Any CPU
		{9D38B054-D217-4751-AC52-F058C504B738}.Release|Any CPU.ActiveCfg = Release|Any CPU
		{9D38B054-D217-4751-AC52-F058C504B738}.Release|Any CPU.Build.0 = Release|Any CPU
		{191C446A-30A3-4832-8045-C065BA334011}.Debug|Any CPU.ActiveCfg = Debug|Any CPU
		{191C446A-30A3-4832-8045-C065BA334011}.Debug|Any CPU.Build.0 = Debug|Any CPU
		{191C446A-30A3-4832-8045-C065BA334011}.Release|Any CPU.ActiveCfg = Release|Any CPU
		{191C446A-30A3-4832-8045-C065BA334011}.Release|Any CPU.Build.0 = Release|Any CPU
		{E0007923-569B-42B6-A1E8-52372336C750}.Debug|Any CPU.ActiveCfg = Debug|Any CPU
		{E0007923-569B-42B6-A1E8-52372336C750}.Debug|Any CPU.Build.0 = Debug|Any CPU
		{E0007923-569B-42B6-A1E8-52372336C750}.Release|Any CPU.ActiveCfg = Release|Any CPU
		{E0007923-569B-42B6-A1E8-52372336C750}.Release|Any CPU.Build.0 = Release|Any CPU
	EndGlobalSection
	GlobalSection(SolutionProperties) = preSolution
		HideSolutionNode = FALSE
	EndGlobalSection
	GlobalSection(NestedProjects) = preSolution
		{CEC4FFD0-BF0F-4F9C-8C31-F48E976CBA5D} = {9AD5D93B-45FD-4023-AAF9-9246BBE6FFB6}
		{F2469DCD-B1EA-48FF-AF52-96AC3B466412} = {9AD5D93B-45FD-4023-AAF9-9246BBE6FFB6}
		{AF43F9CB-B917-4B61-B3F1-6B8B6FD0BF1B} = {9AD5D93B-45FD-4023-AAF9-9246BBE6FFB6}
		{E23037CD-83E5-4534-85EE-9C3C144B21FF} = {9AD5D93B-45FD-4023-AAF9-9246BBE6FFB6}
		{2C851B61-1EC9-4FDD-93BA-050EFD8DCB42} = {F7F713EF-A8F7-47D7-BA45-0516A035D117}
		{33613AB5-BF92-48CB-A6C5-9A84E1BFCCCE} = {F7F713EF-A8F7-47D7-BA45-0516A035D117}
		{1F871BC1-C317-474A-B326-CF31472A7BDC} = {F7F713EF-A8F7-47D7-BA45-0516A035D117}
		{9D38B054-D217-4751-AC52-F058C504B738} = {F7F713EF-A8F7-47D7-BA45-0516A035D117}
		{191C446A-30A3-4832-8045-C065BA334011} = {F7F713EF-A8F7-47D7-BA45-0516A035D117}
		{E0007923-569B-42B6-A1E8-52372336C750} = {9AD5D93B-45FD-4023-AAF9-9246BBE6FFB6}
	EndGlobalSection
	GlobalSection(ExtensibilityGlobals) = postSolution
		SolutionGuid = {5E0B8F62-58D2-4BF1-A95E-CA0F39CFD7C0}
	EndGlobalSection
EndGlobal
