
Microsoft Visual Studio Solution File, Format Version 12.00
# Visual Studio Version 17
VisualStudioVersion = 17.2.32630.192
MinimumVisualStudioVersion = 10.0.40219.1
Project("{9A19103F-16F7-4668-BE54-9A1E7A4F7556}") = "CustomerAccount.WebAPI", "CustomerAccount.WebAPI\CustomerAccount.WebAPI.csproj", "{CEC4FFD0-BF0F-4F9C-8C31-F48E976CBA5D}"
EndProject
Project("{2150E333-8FDC-42A3-9474-1A3956D46DE8}") = "CustomerAccount", "CustomerAccount", "{9AD5D93B-45FD-4023-AAF9-9246BBE6FFB6}"
EndProject
Project("{9A19103F-16F7-4668-BE54-9A1E7A4F7556}") = "CustomerAccount.BL", "CustomerAccount.BL\CustomerAccount.BL.csproj", "{F2469DCD-B1EA-48FF-AF52-96AC3B466412}"
EndProject
Project("{9A19103F-16F7-4668-BE54-9A1E7A4F7556}") = "CustomerAccount.DAL", "CustomerAccount.DAL\CustomerAccount.DAL.csproj", "{AF43F9CB-B917-4B61-B3F1-6B8B6FD0BF1B}"
EndProject
Project("{9A19103F-16F7-4668-BE54-9A1E7A4F7556}") = "CustomerAccount.DTO", "CustomerAccount.DTO\CustomerAccount.DTO.csproj", "{E23037CD-83E5-4534-85EE-9C3C144B21FF}"
EndProject
Project("{9A19103F-16F7-4668-BE54-9A1E7A4F7556}") = "ExtendedExceptions", "ExtendedExceptions\ExtendedExceptions.csproj", "{BFA8F1F6-4389-4693-BEC5-A52275DCBAE4}"
EndProject
Project("{2150E333-8FDC-42A3-9474-1A3956D46DE8}") = "Transaction", "Transaction", "{F7F713EF-A8F7-47D7-BA45-0516A035D117}"
EndProject
Project("{9A19103F-16F7-4668-BE54-9A1E7A4F7556}") = "Transaction.WebAPI", "Transaction.WebAPI\Transaction.WebAPI.csproj", "{2C851B61-1EC9-4FDD-93BA-050EFD8DCB42}"
EndProject
Project("{9A19103F-16F7-4668-BE54-9A1E7A4F7556}") = "Transaction.BL", "Transaction.BL\Transaction.BL.csproj", "{33613AB5-BF92-48CB-A6C5-9A84E1BFCCCE}"
EndProject
Project("{9A19103F-16F7-4668-BE54-9A1E7A4F7556}") = "Transaction.DAL", "Transaction.DAL\Transaction.DAL.csproj", "{1F871BC1-C317-474A-B326-CF31472A7BDC}"
EndProject
Project("{9A19103F-16F7-4668-BE54-9A1E7A4F7556}") = "Transaction.DTO", "Transaction.DTO\Transaction.DTO.csproj", "{9D38B054-D217-4751-AC52-F058C504B738}"
EndProject
Project("{9A19103F-16F7-4668-BE54-9A1E7A4F7556}") = "Transaction.Messeges", "Transaction.Messeges\Transaction.Messeges.csproj", "{EBAFA5D4-9AA3-4CD8-82D4-BD21D22C30FA}"
EndProject
Project("{9A19103F-16F7-4668-BE54-9A1E7A4F7556}") = "CustomerAccount.Messeges", "CustomerAccount.Messeges\CustomerAccount.Messeges.csproj", "{8BBBBA51-CBE1-43C4-91EC-8985AFA7EA32}"
EndProject
Project("{FAE04EC0-301F-11D3-BF4B-00C04F79EFBC}") = "JeneralScheduler.NSB", "JeneralScheduler.NSB\JeneralScheduler.NSB.csproj", "{B88AF4FD-D660-4920-8FF5-DA2EF02A3EF3}"
EndProject
Project("{FAE04EC0-301F-11D3-BF4B-00C04F79EFBC}") = "EmailSender", "EmailSender\EmailSender.csproj", "{7C548AFC-93DA-4092-93E9-BB0A4795A672}"
EndProject
Global
	GlobalSection(SolutionConfigurationPlatforms) = preSolution
		Debug|Any CPU = Debug|Any CPU
		Release|Any CPU = Release|Any CPU
	EndGlobalSection
	GlobalSection(ProjectConfigurationPlatforms) = postSolution
		{CEC4FFD0-BF0F-4F9C-8C31-F48E976CBA5D}.Debug|Any CPU.ActiveCfg = Debug|Any CPU
		{CEC4FFD0-BF0F-4F9C-8C31-F48E976CBA5D}.Debug|Any CPU.Build.0 = Debug|Any CPU
		{CEC4FFD0-BF0F-4F9C-8C31-F48E976CBA5D}.Release|Any CPU.ActiveCfg = Release|Any CPU
		{CEC4FFD0-BF0F-4F9C-8C31-F48E976CBA5D}.Release|Any CPU.Build.0 = Release|Any CPU
		{F2469DCD-B1EA-48FF-AF52-96AC3B466412}.Debug|Any CPU.ActiveCfg = Debug|Any CPU
		{F2469DCD-B1EA-48FF-AF52-96AC3B466412}.Debug|Any CPU.Build.0 = Debug|Any CPU
		{F2469DCD-B1EA-48FF-AF52-96AC3B466412}.Release|Any CPU.ActiveCfg = Release|Any CPU
		{F2469DCD-B1EA-48FF-AF52-96AC3B466412}.Release|Any CPU.Build.0 = Release|Any CPU
		{AF43F9CB-B917-4B61-B3F1-6B8B6FD0BF1B}.Debug|Any CPU.ActiveCfg = Debug|Any CPU
		{AF43F9CB-B917-4B61-B3F1-6B8B6FD0BF1B}.Debug|Any CPU.Build.0 = Debug|Any CPU
		{AF43F9CB-B917-4B61-B3F1-6B8B6FD0BF1B}.Release|Any CPU.ActiveCfg = Release|Any CPU
		{AF43F9CB-B917-4B61-B3F1-6B8B6FD0BF1B}.Release|Any CPU.Build.0 = Release|Any CPU
		{E23037CD-83E5-4534-85EE-9C3C144B21FF}.Debug|Any CPU.ActiveCfg = Debug|Any CPU
		{E23037CD-83E5-4534-85EE-9C3C144B21FF}.Debug|Any CPU.Build.0 = Debug|Any CPU
		{E23037CD-83E5-4534-85EE-9C3C144B21FF}.Release|Any CPU.ActiveCfg = Release|Any CPU
		{E23037CD-83E5-4534-85EE-9C3C144B21FF}.Release|Any CPU.Build.0 = Release|Any CPU
		{BFA8F1F6-4389-4693-BEC5-A52275DCBAE4}.Debug|Any CPU.ActiveCfg = Debug|Any CPU
		{BFA8F1F6-4389-4693-BEC5-A52275DCBAE4}.Debug|Any CPU.Build.0 = Debug|Any CPU
		{BFA8F1F6-4389-4693-BEC5-A52275DCBAE4}.Release|Any CPU.ActiveCfg = Release|Any CPU
		{BFA8F1F6-4389-4693-BEC5-A52275DCBAE4}.Release|Any CPU.Build.0 = Release|Any CPU
		{2C851B61-1EC9-4FDD-93BA-050EFD8DCB42}.Debug|Any CPU.ActiveCfg = Debug|Any CPU
		{2C851B61-1EC9-4FDD-93BA-050EFD8DCB42}.Debug|Any CPU.Build.0 = Debug|Any CPU
		{2C851B61-1EC9-4FDD-93BA-050EFD8DCB42}.Release|Any CPU.ActiveCfg = Release|Any CPU
		{2C851B61-1EC9-4FDD-93BA-050EFD8DCB42}.Release|Any CPU.Build.0 = Release|Any CPU
		{33613AB5-BF92-48CB-A6C5-9A84E1BFCCCE}.Debug|Any CPU.ActiveCfg = Debug|Any CPU
		{33613AB5-BF92-48CB-A6C5-9A84E1BFCCCE}.Debug|Any CPU.Build.0 = Debug|Any CPU
		{33613AB5-BF92-48CB-A6C5-9A84E1BFCCCE}.Release|Any CPU.ActiveCfg = Release|Any CPU
		{33613AB5-BF92-48CB-A6C5-9A84E1BFCCCE}.Release|Any CPU.Build.0 = Release|Any CPU
		{1F871BC1-C317-474A-B326-CF31472A7BDC}.Debug|Any CPU.ActiveCfg = Debug|Any CPU
		{1F871BC1-C317-474A-B326-CF31472A7BDC}.Debug|Any CPU.Build.0 = Debug|Any CPU
		{1F871BC1-C317-474A-B326-CF31472A7BDC}.Release|Any CPU.ActiveCfg = Release|Any CPU
		{1F871BC1-C317-474A-B326-CF31472A7BDC}.Release|Any CPU.Build.0 = Release|Any CPU
		{9D38B054-D217-4751-AC52-F058C504B738}.Debug|Any CPU.ActiveCfg = Debug|Any CPU
		{9D38B054-D217-4751-AC52-F058C504B738}.Debug|Any CPU.Build.0 = Debug|Any CPU
		{9D38B054-D217-4751-AC52-F058C504B738}.Release|Any CPU.ActiveCfg = Release|Any CPU
		{9D38B054-D217-4751-AC52-F058C504B738}.Release|Any CPU.Build.0 = Release|Any CPU
		{EBAFA5D4-9AA3-4CD8-82D4-BD21D22C30FA}.Debug|Any CPU.ActiveCfg = Debug|Any CPU
		{EBAFA5D4-9AA3-4CD8-82D4-BD21D22C30FA}.Debug|Any CPU.Build.0 = Debug|Any CPU
		{EBAFA5D4-9AA3-4CD8-82D4-BD21D22C30FA}.Release|Any CPU.ActiveCfg = Release|Any CPU
		{EBAFA5D4-9AA3-4CD8-82D4-BD21D22C30FA}.Release|Any CPU.Build.0 = Release|Any CPU
		{8BBBBA51-CBE1-43C4-91EC-8985AFA7EA32}.Debug|Any CPU.ActiveCfg = Debug|Any CPU
		{8BBBBA51-CBE1-43C4-91EC-8985AFA7EA32}.Debug|Any CPU.Build.0 = Debug|Any CPU
		{8BBBBA51-CBE1-43C4-91EC-8985AFA7EA32}.Release|Any CPU.ActiveCfg = Release|Any CPU
		{8BBBBA51-CBE1-43C4-91EC-8985AFA7EA32}.Release|Any CPU.Build.0 = Release|Any CPU
		{B88AF4FD-D660-4920-8FF5-DA2EF02A3EF3}.Debug|Any CPU.ActiveCfg = Debug|Any CPU
		{B88AF4FD-D660-4920-8FF5-DA2EF02A3EF3}.Debug|Any CPU.Build.0 = Debug|Any CPU
		{B88AF4FD-D660-4920-8FF5-DA2EF02A3EF3}.Release|Any CPU.ActiveCfg = Release|Any CPU
		{B88AF4FD-D660-4920-8FF5-DA2EF02A3EF3}.Release|Any CPU.Build.0 = Release|Any CPU
		{7C548AFC-93DA-4092-93E9-BB0A4795A672}.Debug|Any CPU.ActiveCfg = Debug|Any CPU
		{7C548AFC-93DA-4092-93E9-BB0A4795A672}.Debug|Any CPU.Build.0 = Debug|Any CPU
		{7C548AFC-93DA-4092-93E9-BB0A4795A672}.Release|Any CPU.ActiveCfg = Release|Any CPU
		{7C548AFC-93DA-4092-93E9-BB0A4795A672}.Release|Any CPU.Build.0 = Release|Any CPU
	EndGlobalSection
	GlobalSection(SolutionProperties) = preSolution
		HideSolutionNode = FALSE
	EndGlobalSection
	GlobalSection(NestedProjects) = preSolution
		{CEC4FFD0-BF0F-4F9C-8C31-F48E976CBA5D} = {9AD5D93B-45FD-4023-AAF9-9246BBE6FFB6}
		{F2469DCD-B1EA-48FF-AF52-96AC3B466412} = {9AD5D93B-45FD-4023-AAF9-9246BBE6FFB6}
		{AF43F9CB-B917-4B61-B3F1-6B8B6FD0BF1B} = {9AD5D93B-45FD-4023-AAF9-9246BBE6FFB6}
		{E23037CD-83E5-4534-85EE-9C3C144B21FF} = {9AD5D93B-45FD-4023-AAF9-9246BBE6FFB6}
		{2C851B61-1EC9-4FDD-93BA-050EFD8DCB42} = {F7F713EF-A8F7-47D7-BA45-0516A035D117}
		{33613AB5-BF92-48CB-A6C5-9A84E1BFCCCE} = {F7F713EF-A8F7-47D7-BA45-0516A035D117}
		{1F871BC1-C317-474A-B326-CF31472A7BDC} = {F7F713EF-A8F7-47D7-BA45-0516A035D117}
		{9D38B054-D217-4751-AC52-F058C504B738} = {F7F713EF-A8F7-47D7-BA45-0516A035D117}
		{EBAFA5D4-9AA3-4CD8-82D4-BD21D22C30FA} = {F7F713EF-A8F7-47D7-BA45-0516A035D117}
		{8BBBBA51-CBE1-43C4-91EC-8985AFA7EA32} = {9AD5D93B-45FD-4023-AAF9-9246BBE6FFB6}
		{B88AF4FD-D660-4920-8FF5-DA2EF02A3EF3} = {9AD5D93B-45FD-4023-AAF9-9246BBE6FFB6}
	EndGlobalSection
	GlobalSection(ExtensibilityGlobals) = postSolution
		SolutionGuid = {5E0B8F62-58D2-4BF1-A95E-CA0F39CFD7C0}
	EndGlobalSection
EndGlobal
